
Microsoft Visual Studio Solution File, Format Version 12.00
# Visual Studio Version 17
VisualStudioVersion = 17.1.32421.90
MinimumVisualStudioVersion = 10.0.40219.1
Project("{9A19103F-16F7-4668-BE54-9A1E7A4F7556}") = "Persons.Directory.API", "Persons.Directory.API\Persons.Directory.API.csproj", "{7B1CCFF4-2D4F-4224-9FEE-565EF16CAAD3}"
EndProject
Project("{9A19103F-16F7-4668-BE54-9A1E7A4F7556}") = "Persons.Directory.Persistence", "Persons.Directory.Persistence\Persons.Directory.Persistence.csproj", "{D13CDD00-A3F4-4EDB-BD27-7CE4527EDC6E}"
EndProject
Project("{9A19103F-16F7-4668-BE54-9A1E7A4F7556}") = "Persons.Directory.DI", "Persons.Directory.DI\Persons.Directory.DI.csproj", "{6835A30C-EAAE-45AF-8006-5BD2DA60A14F}"
EndProject
Project("{FAE04EC0-301F-11D3-BF4B-00C04F79EFBC}") = "Persons.Directory.Application", "Persons.Directory.Application\Persons.Directory.Application.csproj", "{D6AB2AE5-E732-4740-8B69-0C7411C963B4}"
EndProject
Project("{2150E333-8FDC-42A3-9474-1A3956D46DE8}") = "Solution Items", "Solution Items", "{4F588066-BA4C-4D15-BDFE-BA78FB97036C}"
	ProjectSection(SolutionItems) = preProject
		.editorconfig = .editorconfig
	EndProjectSection
EndProject
Global
	GlobalSection(SolutionConfigurationPlatforms) = preSolution
		Debug|Any CPU = Debug|Any CPU
		Release|Any CPU = Release|Any CPU
	EndGlobalSection
	GlobalSection(ProjectConfigurationPlatforms) = postSolution
		{7B1CCFF4-2D4F-4224-9FEE-565EF16CAAD3}.Debug|Any CPU.ActiveCfg = Debug|Any CPU
		{7B1CCFF4-2D4F-4224-9FEE-565EF16CAAD3}.Debug|Any CPU.Build.0 = Debug|Any CPU
		{7B1CCFF4-2D4F-4224-9FEE-565EF16CAAD3}.Release|Any CPU.ActiveCfg = Release|Any CPU
		{7B1CCFF4-2D4F-4224-9FEE-565EF16CAAD3}.Release|Any CPU.Build.0 = Release|Any CPU
		{D13CDD00-A3F4-4EDB-BD27-7CE4527EDC6E}.Debug|Any CPU.ActiveCfg = Debug|Any CPU
		{D13CDD00-A3F4-4EDB-BD27-7CE4527EDC6E}.Debug|Any CPU.Build.0 = Debug|Any CPU
		{D13CDD00-A3F4-4EDB-BD27-7CE4527EDC6E}.Release|Any CPU.ActiveCfg = Release|Any CPU
		{D13CDD00-A3F4-4EDB-BD27-7CE4527EDC6E}.Release|Any CPU.Build.0 = Release|Any CPU
		{6835A30C-EAAE-45AF-8006-5BD2DA60A14F}.Debug|Any CPU.ActiveCfg = Debug|Any CPU
		{6835A30C-EAAE-45AF-8006-5BD2DA60A14F}.Debug|Any CPU.Build.0 = Debug|Any CPU
		{6835A30C-EAAE-45AF-8006-5BD2DA60A14F}.Release|Any CPU.ActiveCfg = Release|Any CPU
		{6835A30C-EAAE-45AF-8006-5BD2DA60A14F}.Release|Any CPU.Build.0 = Release|Any CPU
		{D6AB2AE5-E732-4740-8B69-0C7411C963B4}.Debug|Any CPU.ActiveCfg = Debug|Any CPU
		{D6AB2AE5-E732-4740-8B69-0C7411C963B4}.Debug|Any CPU.Build.0 = Debug|Any CPU
		{D6AB2AE5-E732-4740-8B69-0C7411C963B4}.Release|Any CPU.ActiveCfg = Release|Any CPU
		{D6AB2AE5-E732-4740-8B69-0C7411C963B4}.Release|Any CPU.Build.0 = Release|Any CPU
	EndGlobalSection
	GlobalSection(SolutionProperties) = preSolution
		HideSolutionNode = FALSE
	EndGlobalSection
	GlobalSection(ExtensibilityGlobals) = postSolution
		SolutionGuid = {E861C54A-D01E-4DAC-8FB7-A91AD351BF05}
	EndGlobalSection
EndGlobal
